// !$*UTF8*$!
{
	archiveVersion = 1;
	classes = {
	};
	objectVersion = 46;
	objects = {

/* Begin PBXBuildFile section */
		33B8A975623A0D5CEFE27040 /* Pods_OctionUITests.framework in Frameworks */ = {isa = PBXBuildFile; fileRef = 14BB0194BE7D7228D42CE239 /* Pods_OctionUITests.framework */; };
		3419FDC91F2B0AF70056EDA0 /* Main.storyboard in Resources */ = {isa = PBXBuildFile; fileRef = 3419FDC71F2B0AF70056EDA0 /* Main.storyboard */; };
		3419FDCB1F2B0AF70056EDA0 /* Assets.xcassets in Resources */ = {isa = PBXBuildFile; fileRef = 3419FDCA1F2B0AF70056EDA0 /* Assets.xcassets */; };
		3419FDCE1F2B0AF70056EDA0 /* LaunchScreen.storyboard in Resources */ = {isa = PBXBuildFile; fileRef = 3419FDCC1F2B0AF70056EDA0 /* LaunchScreen.storyboard */; };
		3419FDD91F2B0AF70056EDA0 /* OctionTests.swift in Sources */ = {isa = PBXBuildFile; fileRef = 3419FDD81F2B0AF70056EDA0 /* OctionTests.swift */; };
		3419FDE41F2B0AF70056EDA0 /* OctionUITests.swift in Sources */ = {isa = PBXBuildFile; fileRef = 3419FDE31F2B0AF70056EDA0 /* OctionUITests.swift */; };
		3419FDF91F2B0E110056EDA0 /* AppDelegate.swift in Sources */ = {isa = PBXBuildFile; fileRef = 3419FDF21F2B0E110056EDA0 /* AppDelegate.swift */; };
		3419FE001F2B106D0056EDA0 /* AutionVewController.swift in Sources */ = {isa = PBXBuildFile; fileRef = 3419FDFF1F2B106D0056EDA0 /* AutionVewController.swift */; };
		3419FE021F2B107D0056EDA0 /* CreditViewController.swift in Sources */ = {isa = PBXBuildFile; fileRef = 3419FE011F2B107D0056EDA0 /* CreditViewController.swift */; };
		3419FE041F2B10880056EDA0 /* AccountViewController.swift in Sources */ = {isa = PBXBuildFile; fileRef = 3419FE031F2B10880056EDA0 /* AccountViewController.swift */; };
		3419FE0A1F2B193E0056EDA0 /* AuctionCurrentItemCell.swift in Sources */ = {isa = PBXBuildFile; fileRef = 3419FE081F2B193E0056EDA0 /* AuctionCurrentItemCell.swift */; };
		3419FE0B1F2B193E0056EDA0 /* AuctionCurrentItemCell.xib in Resources */ = {isa = PBXBuildFile; fileRef = 3419FE091F2B193E0056EDA0 /* AuctionCurrentItemCell.xib */; };
		3419FE0E1F2B19560056EDA0 /* AuctionUpcomingItemCell.swift in Sources */ = {isa = PBXBuildFile; fileRef = 3419FE0C1F2B19560056EDA0 /* AuctionUpcomingItemCell.swift */; };
		3419FE0F1F2B19560056EDA0 /* AuctionUpcomingItemCell.xib in Resources */ = {isa = PBXBuildFile; fileRef = 3419FE0D1F2B19560056EDA0 /* AuctionUpcomingItemCell.xib */; };
		45A3AF73D29CA4D77789E948 /* Pods_OctionTests.framework in Frameworks */ = {isa = PBXBuildFile; fileRef = 3B3B181E5498B77A5EAB5429 /* Pods_OctionTests.framework */; };
		7665CEF0FEF9C61DBA062F80 /* Pods_Oction.framework in Frameworks */ = {isa = PBXBuildFile; fileRef = 754BDBA965EFF6F3364AF08E /* Pods_Oction.framework */; };
/* End PBXBuildFile section */

/* Begin PBXContainerItemProxy section */
		3419FDD51F2B0AF70056EDA0 /* PBXContainerItemProxy */ = {
			isa = PBXContainerItemProxy;
			containerPortal = 3419FDB61F2B0AF70056EDA0 /* Project object */;
			proxyType = 1;
			remoteGlobalIDString = 3419FDBD1F2B0AF70056EDA0;
			remoteInfo = Oction;
		};
		3419FDE01F2B0AF70056EDA0 /* PBXContainerItemProxy */ = {
			isa = PBXContainerItemProxy;
			containerPortal = 3419FDB61F2B0AF70056EDA0 /* Project object */;
			proxyType = 1;
			remoteGlobalIDString = 3419FDBD1F2B0AF70056EDA0;
			remoteInfo = Oction;
		};
/* End PBXContainerItemProxy section */

/* Begin PBXFileReference section */
		14BB0194BE7D7228D42CE239 /* Pods_OctionUITests.framework */ = {isa = PBXFileReference; explicitFileType = wrapper.framework; includeInIndex = 0; path = Pods_OctionUITests.framework; sourceTree = BUILT_PRODUCTS_DIR; };
		298BB741CD92490AF728AB37 /* Pods-Oction.debug.xcconfig */ = {isa = PBXFileReference; includeInIndex = 1; lastKnownFileType = text.xcconfig; name = "Pods-Oction.debug.xcconfig"; path = "Pods/Target Support Files/Pods-Oction/Pods-Oction.debug.xcconfig"; sourceTree = "<group>"; };
		3419FDBE1F2B0AF70056EDA0 /* Oction.app */ = {isa = PBXFileReference; explicitFileType = wrapper.application; includeInIndex = 0; path = Oction.app; sourceTree = BUILT_PRODUCTS_DIR; };
		3419FDC81F2B0AF70056EDA0 /* Base */ = {isa = PBXFileReference; lastKnownFileType = file.storyboard; name = Base; path = Base.lproj/Main.storyboard; sourceTree = "<group>"; };
		3419FDCA1F2B0AF70056EDA0 /* Assets.xcassets */ = {isa = PBXFileReference; lastKnownFileType = folder.assetcatalog; path = Assets.xcassets; sourceTree = "<group>"; };
		3419FDCD1F2B0AF70056EDA0 /* Base */ = {isa = PBXFileReference; lastKnownFileType = file.storyboard; name = Base; path = Base.lproj/LaunchScreen.storyboard; sourceTree = "<group>"; };
		3419FDCF1F2B0AF70056EDA0 /* Info.plist */ = {isa = PBXFileReference; lastKnownFileType = text.plist.xml; path = Info.plist; sourceTree = "<group>"; };
		3419FDD41F2B0AF70056EDA0 /* OctionTests.xctest */ = {isa = PBXFileReference; explicitFileType = wrapper.cfbundle; includeInIndex = 0; path = OctionTests.xctest; sourceTree = BUILT_PRODUCTS_DIR; };
		3419FDD81F2B0AF70056EDA0 /* OctionTests.swift */ = {isa = PBXFileReference; lastKnownFileType = sourcecode.swift; path = OctionTests.swift; sourceTree = "<group>"; };
		3419FDDA1F2B0AF70056EDA0 /* Info.plist */ = {isa = PBXFileReference; lastKnownFileType = text.plist.xml; path = Info.plist; sourceTree = "<group>"; };
		3419FDDF1F2B0AF70056EDA0 /* OctionUITests.xctest */ = {isa = PBXFileReference; explicitFileType = wrapper.cfbundle; includeInIndex = 0; path = OctionUITests.xctest; sourceTree = BUILT_PRODUCTS_DIR; };
		3419FDE31F2B0AF70056EDA0 /* OctionUITests.swift */ = {isa = PBXFileReference; lastKnownFileType = sourcecode.swift; path = OctionUITests.swift; sourceTree = "<group>"; };
		3419FDE51F2B0AF70056EDA0 /* Info.plist */ = {isa = PBXFileReference; lastKnownFileType = text.plist.xml; path = Info.plist; sourceTree = "<group>"; };
		3419FDF21F2B0E110056EDA0 /* AppDelegate.swift */ = {isa = PBXFileReference; fileEncoding = 4; lastKnownFileType = sourcecode.swift; path = AppDelegate.swift; sourceTree = "<group>"; };
		3419FDFF1F2B106D0056EDA0 /* AutionVewController.swift */ = {isa = PBXFileReference; fileEncoding = 4; lastKnownFileType = sourcecode.swift; path = AutionVewController.swift; sourceTree = "<group>"; };
		3419FE011F2B107D0056EDA0 /* CreditViewController.swift */ = {isa = PBXFileReference; fileEncoding = 4; lastKnownFileType = sourcecode.swift; path = CreditViewController.swift; sourceTree = "<group>"; };
		3419FE031F2B10880056EDA0 /* AccountViewController.swift */ = {isa = PBXFileReference; fileEncoding = 4; lastKnownFileType = sourcecode.swift; path = AccountViewController.swift; sourceTree = "<group>"; };
		3419FE081F2B193E0056EDA0 /* AuctionCurrentItemCell.swift */ = {isa = PBXFileReference; fileEncoding = 4; lastKnownFileType = sourcecode.swift; path = AuctionCurrentItemCell.swift; sourceTree = "<group>"; };
		3419FE091F2B193E0056EDA0 /* AuctionCurrentItemCell.xib */ = {isa = PBXFileReference; fileEncoding = 4; lastKnownFileType = file.xib; path = AuctionCurrentItemCell.xib; sourceTree = "<group>"; };
		3419FE0C1F2B19560056EDA0 /* AuctionUpcomingItemCell.swift */ = {isa = PBXFileReference; fileEncoding = 4; lastKnownFileType = sourcecode.swift; path = AuctionUpcomingItemCell.swift; sourceTree = "<group>"; };
		3419FE0D1F2B19560056EDA0 /* AuctionUpcomingItemCell.xib */ = {isa = PBXFileReference; fileEncoding = 4; lastKnownFileType = file.xib; path = AuctionUpcomingItemCell.xib; sourceTree = "<group>"; };
		3B3B181E5498B77A5EAB5429 /* Pods_OctionTests.framework */ = {isa = PBXFileReference; explicitFileType = wrapper.framework; includeInIndex = 0; path = Pods_OctionTests.framework; sourceTree = BUILT_PRODUCTS_DIR; };
		603E288B0DE1EAC50EC1B5CC /* Pods-Oction.release.xcconfig */ = {isa = PBXFileReference; includeInIndex = 1; lastKnownFileType = text.xcconfig; name = "Pods-Oction.release.xcconfig"; path = "Pods/Target Support Files/Pods-Oction/Pods-Oction.release.xcconfig"; sourceTree = "<group>"; };
		6D98C2F4E40E400696EFC16B /* Pods-OctionTests.release.xcconfig */ = {isa = PBXFileReference; includeInIndex = 1; lastKnownFileType = text.xcconfig; name = "Pods-OctionTests.release.xcconfig"; path = "Pods/Target Support Files/Pods-OctionTests/Pods-OctionTests.release.xcconfig"; sourceTree = "<group>"; };
		6E83F70C2512F795205B24A8 /* Pods-OctionUITests.release.xcconfig */ = {isa = PBXFileReference; includeInIndex = 1; lastKnownFileType = text.xcconfig; name = "Pods-OctionUITests.release.xcconfig"; path = "Pods/Target Support Files/Pods-OctionUITests/Pods-OctionUITests.release.xcconfig"; sourceTree = "<group>"; };
		754BDBA965EFF6F3364AF08E /* Pods_Oction.framework */ = {isa = PBXFileReference; explicitFileType = wrapper.framework; includeInIndex = 0; path = Pods_Oction.framework; sourceTree = BUILT_PRODUCTS_DIR; };
		86C8F110F6BE870C4EB65F9A /* Pods-OctionTests.debug.xcconfig */ = {isa = PBXFileReference; includeInIndex = 1; lastKnownFileType = text.xcconfig; name = "Pods-OctionTests.debug.xcconfig"; path = "Pods/Target Support Files/Pods-OctionTests/Pods-OctionTests.debug.xcconfig"; sourceTree = "<group>"; };
		A8E5B220CE03303870E4FB5E /* Pods-OctionUITests.debug.xcconfig */ = {isa = PBXFileReference; includeInIndex = 1; lastKnownFileType = text.xcconfig; name = "Pods-OctionUITests.debug.xcconfig"; path = "Pods/Target Support Files/Pods-OctionUITests/Pods-OctionUITests.debug.xcconfig"; sourceTree = "<group>"; };
/* End PBXFileReference section */

/* Begin PBXFrameworksBuildPhase section */
		3419FDBB1F2B0AF70056EDA0 /* Frameworks */ = {
			isa = PBXFrameworksBuildPhase;
			buildActionMask = 2147483647;
			files = (
				7665CEF0FEF9C61DBA062F80 /* Pods_Oction.framework in Frameworks */,
			);
			runOnlyForDeploymentPostprocessing = 0;
		};
		3419FDD11F2B0AF70056EDA0 /* Frameworks */ = {
			isa = PBXFrameworksBuildPhase;
			buildActionMask = 2147483647;
			files = (
				45A3AF73D29CA4D77789E948 /* Pods_OctionTests.framework in Frameworks */,
			);
			runOnlyForDeploymentPostprocessing = 0;
		};
		3419FDDC1F2B0AF70056EDA0 /* Frameworks */ = {
			isa = PBXFrameworksBuildPhase;
			buildActionMask = 2147483647;
			files = (
				33B8A975623A0D5CEFE27040 /* Pods_OctionUITests.framework in Frameworks */,
			);
			runOnlyForDeploymentPostprocessing = 0;
		};
/* End PBXFrameworksBuildPhase section */

/* Begin PBXGroup section */
		224A3E5BD6249773FC960753 /* Pods */ = {
			isa = PBXGroup;
			children = (
				298BB741CD92490AF728AB37 /* Pods-Oction.debug.xcconfig */,
				603E288B0DE1EAC50EC1B5CC /* Pods-Oction.release.xcconfig */,
				86C8F110F6BE870C4EB65F9A /* Pods-OctionTests.debug.xcconfig */,
				6D98C2F4E40E400696EFC16B /* Pods-OctionTests.release.xcconfig */,
				A8E5B220CE03303870E4FB5E /* Pods-OctionUITests.debug.xcconfig */,
				6E83F70C2512F795205B24A8 /* Pods-OctionUITests.release.xcconfig */,
			);
			name = Pods;
			sourceTree = "<group>";
		};
		3419FDB51F2B0AF70056EDA0 = {
			isa = PBXGroup;
			children = (
				3419FDC01F2B0AF70056EDA0 /* Oction */,
				3419FDD71F2B0AF70056EDA0 /* OctionTests */,
				3419FDE21F2B0AF70056EDA0 /* OctionUITests */,
				3419FDBF1F2B0AF70056EDA0 /* Products */,
				224A3E5BD6249773FC960753 /* Pods */,
				3AA5F454D72107949FFA5C9E /* Frameworks */,
			);
			sourceTree = "<group>";
		};
		3419FDBF1F2B0AF70056EDA0 /* Products */ = {
			isa = PBXGroup;
			children = (
				3419FDBE1F2B0AF70056EDA0 /* Oction.app */,
				3419FDD41F2B0AF70056EDA0 /* OctionTests.xctest */,
				3419FDDF1F2B0AF70056EDA0 /* OctionUITests.xctest */,
			);
			name = Products;
			sourceTree = "<group>";
		};
		3419FDC01F2B0AF70056EDA0 /* Oction */ = {
			isa = PBXGroup;
			children = (
				3419FDF11F2B0E110056EDA0 /* Application */,
				3419FDF31F2B0E110056EDA0 /* CustomUI */,
				3419FDF41F2B0E110056EDA0 /* Modules */,
				3419FDF71F2B0E110056EDA0 /* Utilities */,
				3419FDF81F2B0E110056EDA0 /* WebService */,
				3419FDC71F2B0AF70056EDA0 /* Main.storyboard */,
				3419FDCA1F2B0AF70056EDA0 /* Assets.xcassets */,
				3419FDCC1F2B0AF70056EDA0 /* LaunchScreen.storyboard */,
				3419FDCF1F2B0AF70056EDA0 /* Info.plist */,
			);
			path = Oction;
			sourceTree = "<group>";
		};
		3419FDD71F2B0AF70056EDA0 /* OctionTests */ = {
			isa = PBXGroup;
			children = (
				3419FDD81F2B0AF70056EDA0 /* OctionTests.swift */,
				3419FDDA1F2B0AF70056EDA0 /* Info.plist */,
			);
			path = OctionTests;
			sourceTree = "<group>";
		};
		3419FDE21F2B0AF70056EDA0 /* OctionUITests */ = {
			isa = PBXGroup;
			children = (
				3419FDE31F2B0AF70056EDA0 /* OctionUITests.swift */,
				3419FDE51F2B0AF70056EDA0 /* Info.plist */,
			);
			path = OctionUITests;
			sourceTree = "<group>";
		};
		3419FDF11F2B0E110056EDA0 /* Application */ = {
			isa = PBXGroup;
			children = (
				3419FDF21F2B0E110056EDA0 /* AppDelegate.swift */,
			);
			path = Application;
			sourceTree = "<group>";
		};
		3419FDF31F2B0E110056EDA0 /* CustomUI */ = {
			isa = PBXGroup;
			children = (
				3419FE051F2B191F0056EDA0 /* CustomCells */,
			);
			path = CustomUI;
			sourceTree = "<group>";
		};
		3419FDF41F2B0E110056EDA0 /* Modules */ = {
			isa = PBXGroup;
			children = (
				3419FDFD1F2B10400056EDA0 /* Aution */,
				3419FDFE1F2B10400056EDA0 /* Credit */,
				3419FDFC1F2B10400056EDA0 /* Account */,
			);
			path = Modules;
			sourceTree = "<group>";
		};
		3419FDF71F2B0E110056EDA0 /* Utilities */ = {
			isa = PBXGroup;
			children = (
			);
			path = Utilities;
			sourceTree = "<group>";
		};
		3419FDF81F2B0E110056EDA0 /* WebService */ = {
			isa = PBXGroup;
			children = (
			);
			path = WebService;
			sourceTree = "<group>";
		};
		3419FDFC1F2B10400056EDA0 /* Account */ = {
			isa = PBXGroup;
			children = (
				3419FE031F2B10880056EDA0 /* AccountViewController.swift */,
			);
			path = Account;
			sourceTree = "<group>";
		};
		3419FDFD1F2B10400056EDA0 /* Aution */ = {
			isa = PBXGroup;
			children = (
				3419FDFF1F2B106D0056EDA0 /* AutionVewController.swift */,
			);
			path = Aution;
			sourceTree = "<group>";
		};
		3419FDFE1F2B10400056EDA0 /* Credit */ = {
			isa = PBXGroup;
			children = (
				3419FE011F2B107D0056EDA0 /* CreditViewController.swift */,
			);
			path = Credit;
			sourceTree = "<group>";
		};
		3419FE051F2B191F0056EDA0 /* CustomCells */ = {
			isa = PBXGroup;
			children = (
				3419FE061F2B191F0056EDA0 /* AuctionCurrentItem */,
				3419FE071F2B191F0056EDA0 /* AuctionUpcomingItem */,
			);
			path = CustomCells;
			sourceTree = "<group>";
		};
		3419FE061F2B191F0056EDA0 /* AuctionCurrentItem */ = {
			isa = PBXGroup;
			children = (
				3419FE081F2B193E0056EDA0 /* AuctionCurrentItemCell.swift */,
				3419FE091F2B193E0056EDA0 /* AuctionCurrentItemCell.xib */,
			);
			path = AuctionCurrentItem;
			sourceTree = "<group>";
		};
		3419FE071F2B191F0056EDA0 /* AuctionUpcomingItem */ = {
			isa = PBXGroup;
			children = (
				3419FE0C1F2B19560056EDA0 /* AuctionUpcomingItemCell.swift */,
				3419FE0D1F2B19560056EDA0 /* AuctionUpcomingItemCell.xib */,
			);
			path = AuctionUpcomingItem;
			sourceTree = "<group>";
		};
		3AA5F454D72107949FFA5C9E /* Frameworks */ = {
			isa = PBXGroup;
			children = (
				754BDBA965EFF6F3364AF08E /* Pods_Oction.framework */,
				3B3B181E5498B77A5EAB5429 /* Pods_OctionTests.framework */,
				14BB0194BE7D7228D42CE239 /* Pods_OctionUITests.framework */,
			);
			name = Frameworks;
			sourceTree = "<group>";
		};
/* End PBXGroup section */

/* Begin PBXNativeTarget section */
		3419FDBD1F2B0AF70056EDA0 /* Oction */ = {
			isa = PBXNativeTarget;
			buildConfigurationList = 3419FDE81F2B0AF70056EDA0 /* Build configuration list for PBXNativeTarget "Oction" */;
			buildPhases = (
				77F6138C2853D308DC791D81 /* [CP] Check Pods Manifest.lock */,
				3419FDBA1F2B0AF70056EDA0 /* Sources */,
				3419FDBB1F2B0AF70056EDA0 /* Frameworks */,
				3419FDBC1F2B0AF70056EDA0 /* Resources */,
				CF56F93B51122942A790F406 /* [CP] Embed Pods Frameworks */,
				AB45884B2E5F6EDEB2A7D15B /* [CP] Copy Pods Resources */,
			);
			buildRules = (
			);
			dependencies = (
			);
			name = Oction;
			productName = Oction;
			productReference = 3419FDBE1F2B0AF70056EDA0 /* Oction.app */;
			productType = "com.apple.product-type.application";
		};
		3419FDD31F2B0AF70056EDA0 /* OctionTests */ = {
			isa = PBXNativeTarget;
			buildConfigurationList = 3419FDEB1F2B0AF70056EDA0 /* Build configuration list for PBXNativeTarget "OctionTests" */;
			buildPhases = (
				039A43A5E84894629928FF30 /* [CP] Check Pods Manifest.lock */,
				3419FDD01F2B0AF70056EDA0 /* Sources */,
				3419FDD11F2B0AF70056EDA0 /* Frameworks */,
				3419FDD21F2B0AF70056EDA0 /* Resources */,
				0D1B7BC4E3D3198735B725A0 /* [CP] Embed Pods Frameworks */,
				E93B4E7EDBB037C1B4C8B3CF /* [CP] Copy Pods Resources */,
			);
			buildRules = (
			);
			dependencies = (
				3419FDD61F2B0AF70056EDA0 /* PBXTargetDependency */,
			);
			name = OctionTests;
			productName = OctionTests;
			productReference = 3419FDD41F2B0AF70056EDA0 /* OctionTests.xctest */;
			productType = "com.apple.product-type.bundle.unit-test";
		};
		3419FDDE1F2B0AF70056EDA0 /* OctionUITests */ = {
			isa = PBXNativeTarget;
			buildConfigurationList = 3419FDEE1F2B0AF70056EDA0 /* Build configuration list for PBXNativeTarget "OctionUITests" */;
			buildPhases = (
				9A81C062134C4B63490518A7 /* [CP] Check Pods Manifest.lock */,
				3419FDDB1F2B0AF70056EDA0 /* Sources */,
				3419FDDC1F2B0AF70056EDA0 /* Frameworks */,
				3419FDDD1F2B0AF70056EDA0 /* Resources */,
				9D5F15F6073DAAFE1AD6798A /* [CP] Embed Pods Frameworks */,
				E3479C18FC065807FD5862FA /* [CP] Copy Pods Resources */,
			);
			buildRules = (
			);
			dependencies = (
				3419FDE11F2B0AF70056EDA0 /* PBXTargetDependency */,
			);
			name = OctionUITests;
			productName = OctionUITests;
			productReference = 3419FDDF1F2B0AF70056EDA0 /* OctionUITests.xctest */;
			productType = "com.apple.product-type.bundle.ui-testing";
		};
/* End PBXNativeTarget section */

/* Begin PBXProject section */
		3419FDB61F2B0AF70056EDA0 /* Project object */ = {
			isa = PBXProject;
			attributes = {
				LastSwiftUpdateCheck = 0830;
				LastUpgradeCheck = 0830;
				ORGANIZATIONNAME = "Shibin Moideen";
				TargetAttributes = {
					3419FDBD1F2B0AF70056EDA0 = {
						CreatedOnToolsVersion = 8.3.1;
						ProvisioningStyle = Automatic;
					};
					3419FDD31F2B0AF70056EDA0 = {
						CreatedOnToolsVersion = 8.3.1;
						ProvisioningStyle = Automatic;
						TestTargetID = 3419FDBD1F2B0AF70056EDA0;
					};
					3419FDDE1F2B0AF70056EDA0 = {
						CreatedOnToolsVersion = 8.3.1;
						ProvisioningStyle = Automatic;
						TestTargetID = 3419FDBD1F2B0AF70056EDA0;
					};
				};
			};
			buildConfigurationList = 3419FDB91F2B0AF70056EDA0 /* Build configuration list for PBXProject "Oction" */;
			compatibilityVersion = "Xcode 3.2";
			developmentRegion = English;
			hasScannedForEncodings = 0;
			knownRegions = (
				en,
				Base,
			);
			mainGroup = 3419FDB51F2B0AF70056EDA0;
			productRefGroup = 3419FDBF1F2B0AF70056EDA0 /* Products */;
			projectDirPath = "";
			projectRoot = "";
			targets = (
				3419FDBD1F2B0AF70056EDA0 /* Oction */,
				3419FDD31F2B0AF70056EDA0 /* OctionTests */,
				3419FDDE1F2B0AF70056EDA0 /* OctionUITests */,
			);
		};
/* End PBXProject section */

/* Begin PBXResourcesBuildPhase section */
		3419FDBC1F2B0AF70056EDA0 /* Resources */ = {
			isa = PBXResourcesBuildPhase;
			buildActionMask = 2147483647;
			files = (
				3419FE0B1F2B193E0056EDA0 /* AuctionCurrentItemCell.xib in Resources */,
				3419FDCE1F2B0AF70056EDA0 /* LaunchScreen.storyboard in Resources */,
				3419FDCB1F2B0AF70056EDA0 /* Assets.xcassets in Resources */,
				3419FE0F1F2B19560056EDA0 /* AuctionUpcomingItemCell.xib in Resources */,
				3419FDC91F2B0AF70056EDA0 /* Main.storyboard in Resources */,
			);
			runOnlyForDeploymentPostprocessing = 0;
		};
		3419FDD21F2B0AF70056EDA0 /* Resources */ = {
			isa = PBXResourcesBuildPhase;
			buildActionMask = 2147483647;
			files = (
			);
			runOnlyForDeploymentPostprocessing = 0;
		};
		3419FDDD1F2B0AF70056EDA0 /* Resources */ = {
			isa = PBXResourcesBuildPhase;
			buildActionMask = 2147483647;
			files = (
			);
			runOnlyForDeploymentPostprocessing = 0;
		};
/* End PBXResourcesBuildPhase section */

/* Begin PBXShellScriptBuildPhase section */
		039A43A5E84894629928FF30 /* [CP] Check Pods Manifest.lock */ = {
			isa = PBXShellScriptBuildPhase;
			buildActionMask = 2147483647;
			files = (
			);
			inputPaths = (
			);
			name = "[CP] Check Pods Manifest.lock";
			outputPaths = (
			);
			runOnlyForDeploymentPostprocessing = 0;
			shellPath = /bin/sh;
			shellScript = "diff \"${PODS_ROOT}/../Podfile.lock\" \"${PODS_ROOT}/Manifest.lock\" > /dev/null\nif [ $? != 0 ] ; then\n    # print error to STDERR\n    echo \"error: The sandbox is not in sync with the Podfile.lock. Run 'pod install' or update your CocoaPods installation.\" >&2\n    exit 1\nfi\n";
			showEnvVarsInLog = 0;
		};
		0D1B7BC4E3D3198735B725A0 /* [CP] Embed Pods Frameworks */ = {
			isa = PBXShellScriptBuildPhase;
			buildActionMask = 2147483647;
			files = (
			);
			inputPaths = (
			);
			name = "[CP] Embed Pods Frameworks";
			outputPaths = (
			);
			runOnlyForDeploymentPostprocessing = 0;
			shellPath = /bin/sh;
			shellScript = "\"${SRCROOT}/Pods/Target Support Files/Pods-OctionTests/Pods-OctionTests-frameworks.sh\"\n";
			showEnvVarsInLog = 0;
		};
		77F6138C2853D308DC791D81 /* [CP] Check Pods Manifest.lock */ = {
			isa = PBXShellScriptBuildPhase;
			buildActionMask = 2147483647;
			files = (
			);
			inputPaths = (
			);
			name = "[CP] Check Pods Manifest.lock";
			outputPaths = (
			);
			runOnlyForDeploymentPostprocessing = 0;
			shellPath = /bin/sh;
			shellScript = "diff \"${PODS_ROOT}/../Podfile.lock\" \"${PODS_ROOT}/Manifest.lock\" > /dev/null\nif [ $? != 0 ] ; then\n    # print error to STDERR\n    echo \"error: The sandbox is not in sync with the Podfile.lock. Run 'pod install' or update your CocoaPods installation.\" >&2\n    exit 1\nfi\n";
			showEnvVarsInLog = 0;
		};
		9A81C062134C4B63490518A7 /* [CP] Check Pods Manifest.lock */ = {
			isa = PBXShellScriptBuildPhase;
			buildActionMask = 2147483647;
			files = (
			);
			inputPaths = (
			);
			name = "[CP] Check Pods Manifest.lock";
			outputPaths = (
			);
			runOnlyForDeploymentPostprocessing = 0;
			shellPath = /bin/sh;
			shellScript = "diff \"${PODS_ROOT}/../Podfile.lock\" \"${PODS_ROOT}/Manifest.lock\" > /dev/null\nif [ $? != 0 ] ; then\n    # print error to STDERR\n    echo \"error: The sandbox is not in sync with the Podfile.lock. Run 'pod install' or update your CocoaPods installation.\" >&2\n    exit 1\nfi\n";
			showEnvVarsInLog = 0;
		};
		9D5F15F6073DAAFE1AD6798A /* [CP] Embed Pods Frameworks */ = {
			isa = PBXShellScriptBuildPhase;
			buildActionMask = 2147483647;
			files = (
			);
			inputPaths = (
			);
			name = "[CP] Embed Pods Frameworks";
			outputPaths = (
			);
			runOnlyForDeploymentPostprocessing = 0;
			shellPath = /bin/sh;
			shellScript = "\"${SRCROOT}/Pods/Target Support Files/Pods-OctionUITests/Pods-OctionUITests-frameworks.sh\"\n";
			showEnvVarsInLog = 0;
		};
		AB45884B2E5F6EDEB2A7D15B /* [CP] Copy Pods Resources */ = {
			isa = PBXShellScriptBuildPhase;
			buildActionMask = 2147483647;
			files = (
			);
			inputPaths = (
			);
			name = "[CP] Copy Pods Resources";
			outputPaths = (
			);
			runOnlyForDeploymentPostprocessing = 0;
			shellPath = /bin/sh;
			shellScript = "\"${SRCROOT}/Pods/Target Support Files/Pods-Oction/Pods-Oction-resources.sh\"\n";
			showEnvVarsInLog = 0;
		};
		CF56F93B51122942A790F406 /* [CP] Embed Pods Frameworks */ = {
			isa = PBXShellScriptBuildPhase;
			buildActionMask = 2147483647;
			files = (
			);
			inputPaths = (
			);
			name = "[CP] Embed Pods Frameworks";
			outputPaths = (
			);
			runOnlyForDeploymentPostprocessing = 0;
			shellPath = /bin/sh;
			shellScript = "\"${SRCROOT}/Pods/Target Support Files/Pods-Oction/Pods-Oction-frameworks.sh\"\n";
			showEnvVarsInLog = 0;
		};
		E3479C18FC065807FD5862FA /* [CP] Copy Pods Resources */ = {
			isa = PBXShellScriptBuildPhase;
			buildActionMask = 2147483647;
			files = (
			);
			inputPaths = (
			);
			name = "[CP] Copy Pods Resources";
			outputPaths = (
			);
			runOnlyForDeploymentPostprocessing = 0;
			shellPath = /bin/sh;
			shellScript = "\"${SRCROOT}/Pods/Target Support Files/Pods-OctionUITests/Pods-OctionUITests-resources.sh\"\n";
			showEnvVarsInLog = 0;
		};
		E93B4E7EDBB037C1B4C8B3CF /* [CP] Copy Pods Resources */ = {
			isa = PBXShellScriptBuildPhase;
			buildActionMask = 2147483647;
			files = (
			);
			inputPaths = (
			);
			name = "[CP] Copy Pods Resources";
			outputPaths = (
			);
			runOnlyForDeploymentPostprocessing = 0;
			shellPath = /bin/sh;
			shellScript = "\"${SRCROOT}/Pods/Target Support Files/Pods-OctionTests/Pods-OctionTests-resources.sh\"\n";
			showEnvVarsInLog = 0;
		};
/* End PBXShellScriptBuildPhase section */

/* Begin PBXSourcesBuildPhase section */
		3419FDBA1F2B0AF70056EDA0 /* Sources */ = {
			isa = PBXSourcesBuildPhase;
			buildActionMask = 2147483647;
			files = (
				3419FE0E1F2B19560056EDA0 /* AuctionUpcomingItemCell.swift in Sources */,
				3419FE0A1F2B193E0056EDA0 /* AuctionCurrentItemCell.swift in Sources */,
				3419FE001F2B106D0056EDA0 /* AutionVewController.swift in Sources */,
				3419FDF91F2B0E110056EDA0 /* AppDelegate.swift in Sources */,
				3419FE041F2B10880056EDA0 /* AccountViewController.swift in Sources */,
				3419FE021F2B107D0056EDA0 /* CreditViewController.swift in Sources */,
			);
			runOnlyForDeploymentPostprocessing = 0;
		};
		3419FDD01F2B0AF70056EDA0 /* Sources */ = {
			isa = PBXSourcesBuildPhase;
			buildActionMask = 2147483647;
			files = (
				3419FDD91F2B0AF70056EDA0 /* OctionTests.swift in Sources */,
			);
			runOnlyForDeploymentPostprocessing = 0;
		};
		3419FDDB1F2B0AF70056EDA0 /* Sources */ = {
			isa = PBXSourcesBuildPhase;
			buildActionMask = 2147483647;
			files = (
				3419FDE41F2B0AF70056EDA0 /* OctionUITests.swift in Sources */,
			);
			runOnlyForDeploymentPostprocessing = 0;
		};
/* End PBXSourcesBuildPhase section */

/* Begin PBXTargetDependency section */
		3419FDD61F2B0AF70056EDA0 /* PBXTargetDependency */ = {
			isa = PBXTargetDependency;
			target = 3419FDBD1F2B0AF70056EDA0 /* Oction */;
			targetProxy = 3419FDD51F2B0AF70056EDA0 /* PBXContainerItemProxy */;
		};
		3419FDE11F2B0AF70056EDA0 /* PBXTargetDependency */ = {
			isa = PBXTargetDependency;
			target = 3419FDBD1F2B0AF70056EDA0 /* Oction */;
			targetProxy = 3419FDE01F2B0AF70056EDA0 /* PBXContainerItemProxy */;
		};
/* End PBXTargetDependency section */

/* Begin PBXVariantGroup section */
		3419FDC71F2B0AF70056EDA0 /* Main.storyboard */ = {
			isa = PBXVariantGroup;
			children = (
				3419FDC81F2B0AF70056EDA0 /* Base */,
			);
			name = Main.storyboard;
			sourceTree = "<group>";
		};
		3419FDCC1F2B0AF70056EDA0 /* LaunchScreen.storyboard */ = {
			isa = PBXVariantGroup;
			children = (
				3419FDCD1F2B0AF70056EDA0 /* Base */,
			);
			name = LaunchScreen.storyboard;
			sourceTree = "<group>";
		};
/* End PBXVariantGroup section */

/* Begin XCBuildConfiguration section */
		3419FDE61F2B0AF70056EDA0 /* Debug */ = {
			isa = XCBuildConfiguration;
			buildSettings = {
				ALWAYS_SEARCH_USER_PATHS = NO;
				CLANG_ANALYZER_NONNULL = YES;
				CLANG_ANALYZER_NUMBER_OBJECT_CONVERSION = YES_AGGRESSIVE;
				CLANG_CXX_LANGUAGE_STANDARD = "gnu++0x";
				CLANG_CXX_LIBRARY = "libc++";
				CLANG_ENABLE_MODULES = YES;
				CLANG_ENABLE_OBJC_ARC = YES;
				CLANG_WARN_BOOL_CONVERSION = YES;
				CLANG_WARN_CONSTANT_CONVERSION = YES;
				CLANG_WARN_DIRECT_OBJC_ISA_USAGE = YES_ERROR;
				CLANG_WARN_DOCUMENTATION_COMMENTS = YES;
				CLANG_WARN_EMPTY_BODY = YES;
				CLANG_WARN_ENUM_CONVERSION = YES;
				CLANG_WARN_INFINITE_RECURSION = YES;
				CLANG_WARN_INT_CONVERSION = YES;
				CLANG_WARN_OBJC_ROOT_CLASS = YES_ERROR;
				CLANG_WARN_SUSPICIOUS_MOVE = YES;
				CLANG_WARN_UNREACHABLE_CODE = YES;
				CLANG_WARN__DUPLICATE_METHOD_MATCH = YES;
				"CODE_SIGN_IDENTITY[sdk=iphoneos*]" = "iPhone Developer";
				COPY_PHASE_STRIP = NO;
				DEBUG_INFORMATION_FORMAT = dwarf;
				ENABLE_STRICT_OBJC_MSGSEND = YES;
				ENABLE_TESTABILITY = YES;
				GCC_C_LANGUAGE_STANDARD = gnu99;
				GCC_DYNAMIC_NO_PIC = NO;
				GCC_NO_COMMON_BLOCKS = YES;
				GCC_OPTIMIZATION_LEVEL = 0;
				GCC_PREPROCESSOR_DEFINITIONS = (
					"DEBUG=1",
					"$(inherited)",
				);
				GCC_WARN_64_TO_32_BIT_CONVERSION = YES;
				GCC_WARN_ABOUT_RETURN_TYPE = YES_ERROR;
				GCC_WARN_UNDECLARED_SELECTOR = YES;
				GCC_WARN_UNINITIALIZED_AUTOS = YES_AGGRESSIVE;
				GCC_WARN_UNUSED_FUNCTION = YES;
				GCC_WARN_UNUSED_VARIABLE = YES;
				IPHONEOS_DEPLOYMENT_TARGET = 10.3;
				MTL_ENABLE_DEBUG_INFO = YES;
				ONLY_ACTIVE_ARCH = YES;
				SDKROOT = iphoneos;
				SWIFT_ACTIVE_COMPILATION_CONDITIONS = DEBUG;
				SWIFT_OPTIMIZATION_LEVEL = "-Onone";
			};
			name = Debug;
		};
		3419FDE71F2B0AF70056EDA0 /* Release */ = {
			isa = XCBuildConfiguration;
			buildSettings = {
				ALWAYS_SEARCH_USER_PATHS = NO;
				CLANG_ANALYZER_NONNULL = YES;
				CLANG_ANALYZER_NUMBER_OBJECT_CONVERSION = YES_AGGRESSIVE;
				CLANG_CXX_LANGUAGE_STANDARD = "gnu++0x";
				CLANG_CXX_LIBRARY = "libc++";
				CLANG_ENABLE_MODULES = YES;
				CLANG_ENABLE_OBJC_ARC = YES;
				CLANG_WARN_BOOL_CONVERSION = YES;
				CLANG_WARN_CONSTANT_CONVERSION = YES;
				CLANG_WARN_DIRECT_OBJC_ISA_USAGE = YES_ERROR;
				CLANG_WARN_DOCUMENTATION_COMMENTS = YES;
				CLANG_WARN_EMPTY_BODY = YES;
				CLANG_WARN_ENUM_CONVERSION = YES;
				CLANG_WARN_INFINITE_RECURSION = YES;
				CLANG_WARN_INT_CONVERSION = YES;
				CLANG_WARN_OBJC_ROOT_CLASS = YES_ERROR;
				CLANG_WARN_SUSPICIOUS_MOVE = YES;
				CLANG_WARN_UNREACHABLE_CODE = YES;
				CLANG_WARN__DUPLICATE_METHOD_MATCH = YES;
				"CODE_SIGN_IDENTITY[sdk=iphoneos*]" = "iPhone Developer";
				COPY_PHASE_STRIP = NO;
				DEBUG_INFORMATION_FORMAT = "dwarf-with-dsym";
				ENABLE_NS_ASSERTIONS = NO;
				ENABLE_STRICT_OBJC_MSGSEND = YES;
				GCC_C_LANGUAGE_STANDARD = gnu99;
				GCC_NO_COMMON_BLOCKS = YES;
				GCC_WARN_64_TO_32_BIT_CONVERSION = YES;
				GCC_WARN_ABOUT_RETURN_TYPE = YES_ERROR;
				GCC_WARN_UNDECLARED_SELECTOR = YES;
				GCC_WARN_UNINITIALIZED_AUTOS = YES_AGGRESSIVE;
				GCC_WARN_UNUSED_FUNCTION = YES;
				GCC_WARN_UNUSED_VARIABLE = YES;
				IPHONEOS_DEPLOYMENT_TARGET = 10.3;
				MTL_ENABLE_DEBUG_INFO = NO;
				SDKROOT = iphoneos;
				SWIFT_OPTIMIZATION_LEVEL = "-Owholemodule";
				VALIDATE_PRODUCT = YES;
			};
			name = Release;
		};
		3419FDE91F2B0AF70056EDA0 /* Debug */ = {
			isa = XCBuildConfiguration;
			baseConfigurationReference = 298BB741CD92490AF728AB37 /* Pods-Oction.debug.xcconfig */;
			buildSettings = {
				ASSETCATALOG_COMPILER_APPICON_NAME = AppIcon;
				INFOPLIST_FILE = Oction/Info.plist;
				LD_RUNPATH_SEARCH_PATHS = "$(inherited) @executable_path/Frameworks";
				PRODUCT_BUNDLE_IDENTIFIER = com.shibin.Oction;
				PRODUCT_NAME = "$(TARGET_NAME)";
				SWIFT_VERSION = 3.0;
			};
			name = Debug;
		};
		3419FDEA1F2B0AF70056EDA0 /* Release */ = {
			isa = XCBuildConfiguration;
			baseConfigurationReference = 603E288B0DE1EAC50EC1B5CC /* Pods-Oction.release.xcconfig */;
			buildSettings = {
				ASSETCATALOG_COMPILER_APPICON_NAME = AppIcon;
				INFOPLIST_FILE = Oction/Info.plist;
				LD_RUNPATH_SEARCH_PATHS = "$(inherited) @executable_path/Frameworks";
				PRODUCT_BUNDLE_IDENTIFIER = com.shibin.Oction;
				PRODUCT_NAME = "$(TARGET_NAME)";
				SWIFT_VERSION = 3.0;
			};
			name = Release;
		};
		3419FDEC1F2B0AF70056EDA0 /* Debug */ = {
			isa = XCBuildConfiguration;
			baseConfigurationReference = 86C8F110F6BE870C4EB65F9A /* Pods-OctionTests.debug.xcconfig */;
			buildSettings = {
				ALWAYS_EMBED_SWIFT_STANDARD_LIBRARIES = YES;
				BUNDLE_LOADER = "$(TEST_HOST)";
				INFOPLIST_FILE = OctionTests/Info.plist;
				LD_RUNPATH_SEARCH_PATHS = "$(inherited) @executable_path/Frameworks @loader_path/Frameworks";
				PRODUCT_BUNDLE_IDENTIFIER = com.shibin.OctionTests;
				PRODUCT_NAME = "$(TARGET_NAME)";
				SWIFT_VERSION = 3.0;
				TEST_HOST = "$(BUILT_PRODUCTS_DIR)/Oction.app/Oction";
			};
			name = Debug;
		};
		3419FDED1F2B0AF70056EDA0 /* Release */ = {
			isa = XCBuildConfiguration;
			baseConfigurationReference = 6D98C2F4E40E400696EFC16B /* Pods-OctionTests.release.xcconfig */;
			buildSettings = {
				ALWAYS_EMBED_SWIFT_STANDARD_LIBRARIES = YES;
				BUNDLE_LOADER = "$(TEST_HOST)";
				INFOPLIST_FILE = OctionTests/Info.plist;
				LD_RUNPATH_SEARCH_PATHS = "$(inherited) @executable_path/Frameworks @loader_path/Frameworks";
				PRODUCT_BUNDLE_IDENTIFIER = com.shibin.OctionTests;
				PRODUCT_NAME = "$(TARGET_NAME)";
				SWIFT_VERSION = 3.0;
				TEST_HOST = "$(BUILT_PRODUCTS_DIR)/Oction.app/Oction";
			};
			name = Release;
		};
		3419FDEF1F2B0AF70056EDA0 /* Debug */ = {
			isa = XCBuildConfiguration;
			baseConfigurationReference = A8E5B220CE03303870E4FB5E /* Pods-OctionUITests.debug.xcconfig */;
			buildSettings = {
				ALWAYS_EMBED_SWIFT_STANDARD_LIBRARIES = YES;
				INFOPLIST_FILE = OctionUITests/Info.plist;
				LD_RUNPATH_SEARCH_PATHS = "$(inherited) @executable_path/Frameworks @loader_path/Frameworks";
				PRODUCT_BUNDLE_IDENTIFIER = com.shibin.OctionUITests;
				PRODUCT_NAME = "$(TARGET_NAME)";
				SWIFT_VERSION = 3.0;
				TEST_TARGET_NAME = Oction;
			};
			name = Debug;
		};
		3419FDF01F2B0AF70056EDA0 /* Release */ = {
			isa = XCBuildConfiguration;
			baseConfigurationReference = 6E83F70C2512F795205B24A8 /* Pods-OctionUITests.release.xcconfig */;
			buildSettings = {
				ALWAYS_EMBED_SWIFT_STANDARD_LIBRARIES = YES;
				INFOPLIST_FILE = OctionUITests/Info.plist;
				LD_RUNPATH_SEARCH_PATHS = "$(inherited) @executable_path/Frameworks @loader_path/Frameworks";
				PRODUCT_BUNDLE_IDENTIFIER = com.shibin.OctionUITests;
				PRODUCT_NAME = "$(TARGET_NAME)";
				SWIFT_VERSION = 3.0;
				TEST_TARGET_NAME = Oction;
			};
			name = Release;
		};
/* End XCBuildConfiguration section */

/* Begin XCConfigurationList section */
		3419FDB91F2B0AF70056EDA0 /* Build configuration list for PBXProject "Oction" */ = {
			isa = XCConfigurationList;
			buildConfigurations = (
				3419FDE61F2B0AF70056EDA0 /* Debug */,
				3419FDE71F2B0AF70056EDA0 /* Release */,
			);
			defaultConfigurationIsVisible = 0;
			defaultConfigurationName = Release;
		};
		3419FDE81F2B0AF70056EDA0 /* Build configuration list for PBXNativeTarget "Oction" */ = {
			isa = XCConfigurationList;
			buildConfigurations = (
				3419FDE91F2B0AF70056EDA0 /* Debug */,
				3419FDEA1F2B0AF70056EDA0 /* Release */,
			);
			defaultConfigurationIsVisible = 0;
			defaultConfigurationName = Release;
		};
		3419FDEB1F2B0AF70056EDA0 /* Build configuration list for PBXNativeTarget "OctionTests" */ = {
			isa = XCConfigurationList;
			buildConfigurations = (
				3419FDEC1F2B0AF70056EDA0 /* Debug */,
				3419FDED1F2B0AF70056EDA0 /* Release */,
			);
			defaultConfigurationIsVisible = 0;
			defaultConfigurationName = Release;
		};
		3419FDEE1F2B0AF70056EDA0 /* Build configuration list for PBXNativeTarget "OctionUITests" */ = {
			isa = XCConfigurationList;
			buildConfigurations = (
				3419FDEF1F2B0AF70056EDA0 /* Debug */,
				3419FDF01F2B0AF70056EDA0 /* Release */,
			);
			defaultConfigurationIsVisible = 0;
			defaultConfigurationName = Release;
		};
/* End XCConfigurationList section */
	};
	rootObject = 3419FDB61F2B0AF70056EDA0 /* Project object */;
}
